
Microsoft Visual Studio Solution File, Format Version 12.00
# Visual Studio Version 17
VisualStudioVersion = 17.13.35818.85
MinimumVisualStudioVersion = 10.0.40219.1
Project("{FAE04EC0-301F-11D3-BF4B-00C04F79EFBC}") = "RealCalculatorApp", "RealCalculatorApp\RealCalculatorApp.csproj", "{6F3BFDDE-0A9B-4E75-BC2A-3AE54C451013}"
EndProject
Project("{FAE04EC0-301F-11D3-BF4B-00C04F79EFBC}") = "NumberOfBaskets needed", "NumberOfBaskets needed\NumberOfBaskets needed.csproj", "{FC8AFDD4-F333-4FFD-BB21-D1190A34A9BE}"
EndProject
Project("{FAE04EC0-301F-11D3-BF4B-00C04F79EFBC}") = "FindLargerNumberOddEven", "FindLargerNumberOddEven\FindLargerNumberOddEven.csproj", "{7B794C3F-A304-47DE-B533-2F140C084F2F}"
EndProject
Project("{FAE04EC0-301F-11D3-BF4B-00C04F79EFBC}") = "SwitchApp", "SwitchApp\SwitchApp.csproj", "{D6C4C022-98A1-4467-BCF6-0BCA4F4BCA5A}"
EndProject
Project("{FAE04EC0-301F-11D3-BF4B-00C04F79EFBC}") = "ifExercises", "ifExercises\ifExercises.csproj", "{B14943D2-E9DB-48AE-9D9B-F9B1DDCDD3E9}"
EndProject
Global
	GlobalSection(SolutionConfigurationPlatforms) = preSolution
		Debug|Any CPU = Debug|Any CPU
		Release|Any CPU = Release|Any CPU
	EndGlobalSection
	GlobalSection(ProjectConfigurationPlatforms) = postSolution
		{6F3BFDDE-0A9B-4E75-BC2A-3AE54C451013}.Debug|Any CPU.ActiveCfg = Debug|Any CPU
		{6F3BFDDE-0A9B-4E75-BC2A-3AE54C451013}.Debug|Any CPU.Build.0 = Debug|Any CPU
		{6F3BFDDE-0A9B-4E75-BC2A-3AE54C451013}.Release|Any CPU.ActiveCfg = Release|Any CPU
		{6F3BFDDE-0A9B-4E75-BC2A-3AE54C451013}.Release|Any CPU.Build.0 = Release|Any CPU
		{FC8AFDD4-F333-4FFD-BB21-D1190A34A9BE}.Debug|Any CPU.ActiveCfg = Debug|Any CPU
		{FC8AFDD4-F333-4FFD-BB21-D1190A34A9BE}.Debug|Any CPU.Build.0 = Debug|Any CPU
		{FC8AFDD4-F333-4FFD-BB21-D1190A34A9BE}.Release|Any CPU.ActiveCfg = Release|Any CPU
		{FC8AFDD4-F333-4FFD-BB21-D1190A34A9BE}.Release|Any CPU.Build.0 = Release|Any CPU
		{7B794C3F-A304-47DE-B533-2F140C084F2F}.Debug|Any CPU.ActiveCfg = Debug|Any CPU
		{7B794C3F-A304-47DE-B533-2F140C084F2F}.Debug|Any CPU.Build.0 = Debug|Any CPU
		{7B794C3F-A304-47DE-B533-2F140C084F2F}.Release|Any CPU.ActiveCfg = Release|Any CPU
		{7B794C3F-A304-47DE-B533-2F140C084F2F}.Release|Any CPU.Build.0 = Release|Any CPU
		{D6C4C022-98A1-4467-BCF6-0BCA4F4BCA5A}.Debug|Any CPU.ActiveCfg = Debug|Any CPU
		{D6C4C022-98A1-4467-BCF6-0BCA4F4BCA5A}.Debug|Any CPU.Build.0 = Debug|Any CPU
		{D6C4C022-98A1-4467-BCF6-0BCA4F4BCA5A}.Release|Any CPU.ActiveCfg = Release|Any CPU
		{D6C4C022-98A1-4467-BCF6-0BCA4F4BCA5A}.Release|Any CPU.Build.0 = Release|Any CPU
		{B14943D2-E9DB-48AE-9D9B-F9B1DDCDD3E9}.Debug|Any CPU.ActiveCfg = Debug|Any CPU
		{B14943D2-E9DB-48AE-9D9B-F9B1DDCDD3E9}.Debug|Any CPU.Build.0 = Debug|Any CPU
		{B14943D2-E9DB-48AE-9D9B-F9B1DDCDD3E9}.Release|Any CPU.ActiveCfg = Release|Any CPU
		{B14943D2-E9DB-48AE-9D9B-F9B1DDCDD3E9}.Release|Any CPU.Build.0 = Release|Any CPU
	EndGlobalSection
	GlobalSection(SolutionProperties) = preSolution
		HideSolutionNode = FALSE
	EndGlobalSection
	GlobalSection(ExtensibilityGlobals) = postSolution
		SolutionGuid = {D4130514-42D4-4B60-A690-F93AEF6E1C47}
	EndGlobalSection
EndGlobal
